
Microsoft Visual Studio Solution File, Format Version 11.00
# Visual Studio 2010
Project("{2150E333-8FDC-42A3-9474-1A3956D46DE8}") = "UI", "UI", "{68DA27D8-5A70-4FA5-84F1-2E85D226F3EE}"
EndProject
Project("{2150E333-8FDC-42A3-9474-1A3956D46DE8}") = "Common Logic", "Common Logic", "{73E884BA-7E98-40CF-86D0-CAD410F4A3D3}"
EndProject
Project("{2150E333-8FDC-42A3-9474-1A3956D46DE8}") = "Specific Logic", "Specific Logic", "{075B7D01-E0AC-47F2-8D07-BF849A89377F}"
EndProject
Project("{2150E333-8FDC-42A3-9474-1A3956D46DE8}") = "Tests", "Tests", "{B3E6B349-8D90-44CD-8DC0-013BD913737F}"
EndProject
Project("{FAE04EC0-301F-11D3-BF4B-00C04F79EFBC}") = "SQL8r.ConsoleUI", "SQL8r.Console\SQL8r.ConsoleUI.csproj", "{1E3C230C-3B24-4587-AB79-287F9549872C}"
EndProject
Project("{FAE04EC0-301F-11D3-BF4B-00C04F79EFBC}") = "SQL8r.Logic", "SQL8r.Logic\SQL8r.Logic.csproj", "{75234062-B98D-4280-AA4C-BECC885572B2}"
EndProject
Project("{FAE04EC0-301F-11D3-BF4B-00C04F79EFBC}") = "SQL8r.Logic.SqlServer", "SQL8r.Logic.SqlServer\SQL8r.Logic.SqlServer.csproj", "{7A435B02-4739-4F3B-ADF5-2A389D9E9EE3}"
EndProject
Project("{FAE04EC0-301F-11D3-BF4B-00C04F79EFBC}") = "SQL8r.Logic.MySQL", "SQL8r.Logic.MySQL\SQL8r.Logic.MySQL.csproj", "{62D1165C-1CA9-44C3-BC97-EBBE4CCABEA6}"
EndProject
Project("{FAE04EC0-301F-11D3-BF4B-00C04F79EFBC}") = "SQL8r.Logic.Oracle", "SQL8r.Logic.Oracle\SQL8r.Logic.Oracle.csproj", "{5C86834D-2232-4C0D-B2B3-7D4395D181E6}"
EndProject
Project("{FAE04EC0-301F-11D3-BF4B-00C04F79EFBC}") = "SQL8r", "SQL8r\SQL8r.csproj", "{2DF78168-8823-419C-8FC7-E5C565B2FE9F}"
EndProject
Project("{FAE04EC0-301F-11D3-BF4B-00C04F79EFBC}") = "SQL8r.WinForms", "SQL8r.WinForms\SQL8r.WinForms.csproj", "{FF831C34-F6B8-4DA6-BC72-7C3C1B81DC83}"
EndProject
Project("{FAE04EC0-301F-11D3-BF4B-00C04F79EFBC}") = "SQL8r.ProjectManager", "SQL8r.ProjectManager\SQL8r.ProjectManager.csproj", "{E6F8AAC6-DAE8-4B7B-9B66-19E2ACA82A76}"
EndProject
Project("{FAE04EC0-301F-11D3-BF4B-00C04F79EFBC}") = "SQL8r.Logic.SQLite", "SQL8r.Logic.SqLite\SQL8r.Logic.SQLite.csproj", "{3256DA66-15D5-45F5-9DB6-76F9A59A5C48}"
EndProject
Project("{FAE04EC0-301F-11D3-BF4B-00C04F79EFBC}") = "SQL8r.Logic.DotNet", "SQL8r.Logic.DotNet\SQL8r.Logic.DotNet.csproj", "{5A4553DA-F03E-40A7-8173-06389626F125}"
EndProject
Project("{FAE04EC0-301F-11D3-BF4B-00C04F79EFBC}") = "SQL8r.Logic.Odbc", "SQL8r.Logic.Odbc\SQL8r.Logic.Odbc.csproj", "{E4D8CAB1-5077-4EC2-ADAF-49E98084F055}"
EndProject
Project("{FAE04EC0-301F-11D3-BF4B-00C04F79EFBC}") = "SQL8r.Logic.Firebird", "SQL8r.Logic.Berkeley\SQL8r.Logic.Firebird.csproj", "{5D0A3E46-93D4-47D9-888D-018A2FF637B4}"
EndProject
Project("{FAE04EC0-301F-11D3-BF4B-00C04F79EFBC}") = "SQL8r.Tests", "SQL8r.Tests\SQL8r.Tests.csproj", "{A6DBA02E-067B-4D30-B306-7750D374B042}"
EndProject
Global
	GlobalSection(SolutionConfigurationPlatforms) = preSolution
		Debug|Any CPU = Debug|Any CPU
		Release|Any CPU = Release|Any CPU
	EndGlobalSection
	GlobalSection(ProjectConfigurationPlatforms) = postSolution
		{1E3C230C-3B24-4587-AB79-287F9549872C}.Debug|Any CPU.ActiveCfg = Debug|Any CPU
		{1E3C230C-3B24-4587-AB79-287F9549872C}.Debug|Any CPU.Build.0 = Debug|Any CPU
		{1E3C230C-3B24-4587-AB79-287F9549872C}.Release|Any CPU.ActiveCfg = Release|Any CPU
		{1E3C230C-3B24-4587-AB79-287F9549872C}.Release|Any CPU.Build.0 = Release|Any CPU
		{75234062-B98D-4280-AA4C-BECC885572B2}.Debug|Any CPU.ActiveCfg = Debug|Any CPU
		{75234062-B98D-4280-AA4C-BECC885572B2}.Debug|Any CPU.Build.0 = Debug|Any CPU
		{75234062-B98D-4280-AA4C-BECC885572B2}.Release|Any CPU.ActiveCfg = Release|Any CPU
		{75234062-B98D-4280-AA4C-BECC885572B2}.Release|Any CPU.Build.0 = Release|Any CPU
		{7A435B02-4739-4F3B-ADF5-2A389D9E9EE3}.Debug|Any CPU.ActiveCfg = Debug|Any CPU
		{7A435B02-4739-4F3B-ADF5-2A389D9E9EE3}.Debug|Any CPU.Build.0 = Debug|Any CPU
		{7A435B02-4739-4F3B-ADF5-2A389D9E9EE3}.Release|Any CPU.ActiveCfg = Release|Any CPU
		{7A435B02-4739-4F3B-ADF5-2A389D9E9EE3}.Release|Any CPU.Build.0 = Release|Any CPU
		{62D1165C-1CA9-44C3-BC97-EBBE4CCABEA6}.Debug|Any CPU.ActiveCfg = Debug|Any CPU
		{62D1165C-1CA9-44C3-BC97-EBBE4CCABEA6}.Debug|Any CPU.Build.0 = Debug|Any CPU
		{62D1165C-1CA9-44C3-BC97-EBBE4CCABEA6}.Release|Any CPU.ActiveCfg = Release|Any CPU
		{62D1165C-1CA9-44C3-BC97-EBBE4CCABEA6}.Release|Any CPU.Build.0 = Release|Any CPU
		{5C86834D-2232-4C0D-B2B3-7D4395D181E6}.Debug|Any CPU.ActiveCfg = Debug|Any CPU
		{5C86834D-2232-4C0D-B2B3-7D4395D181E6}.Debug|Any CPU.Build.0 = Debug|Any CPU
		{5C86834D-2232-4C0D-B2B3-7D4395D181E6}.Release|Any CPU.ActiveCfg = Release|Any CPU
		{5C86834D-2232-4C0D-B2B3-7D4395D181E6}.Release|Any CPU.Build.0 = Release|Any CPU
		{2DF78168-8823-419C-8FC7-E5C565B2FE9F}.Debug|Any CPU.ActiveCfg = Debug|Any CPU
		{2DF78168-8823-419C-8FC7-E5C565B2FE9F}.Debug|Any CPU.Build.0 = Debug|Any CPU
		{2DF78168-8823-419C-8FC7-E5C565B2FE9F}.Release|Any CPU.ActiveCfg = Release|Any CPU
		{2DF78168-8823-419C-8FC7-E5C565B2FE9F}.Release|Any CPU.Build.0 = Release|Any CPU
		{FF831C34-F6B8-4DA6-BC72-7C3C1B81DC83}.Debug|Any CPU.ActiveCfg = Debug|Any CPU
		{FF831C34-F6B8-4DA6-BC72-7C3C1B81DC83}.Debug|Any CPU.Build.0 = Debug|Any CPU
		{FF831C34-F6B8-4DA6-BC72-7C3C1B81DC83}.Release|Any CPU.ActiveCfg = Release|Any CPU
		{FF831C34-F6B8-4DA6-BC72-7C3C1B81DC83}.Release|Any CPU.Build.0 = Release|Any CPU
		{E6F8AAC6-DAE8-4B7B-9B66-19E2ACA82A76}.Debug|Any CPU.ActiveCfg = Debug|Any CPU
		{E6F8AAC6-DAE8-4B7B-9B66-19E2ACA82A76}.Debug|Any CPU.Build.0 = Debug|Any CPU
		{E6F8AAC6-DAE8-4B7B-9B66-19E2ACA82A76}.Release|Any CPU.ActiveCfg = Release|Any CPU
		{E6F8AAC6-DAE8-4B7B-9B66-19E2ACA82A76}.Release|Any CPU.Build.0 = Release|Any CPU
		{3256DA66-15D5-45F5-9DB6-76F9A59A5C48}.Debug|Any CPU.ActiveCfg = Debug|Any CPU
		{3256DA66-15D5-45F5-9DB6-76F9A59A5C48}.Debug|Any CPU.Build.0 = Debug|Any CPU
		{3256DA66-15D5-45F5-9DB6-76F9A59A5C48}.Release|Any CPU.ActiveCfg = Release|Any CPU
		{3256DA66-15D5-45F5-9DB6-76F9A59A5C48}.Release|Any CPU.Build.0 = Release|Any CPU
		{5A4553DA-F03E-40A7-8173-06389626F125}.Debug|Any CPU.ActiveCfg = Debug|Any CPU
		{5A4553DA-F03E-40A7-8173-06389626F125}.Debug|Any CPU.Build.0 = Debug|Any CPU
		{5A4553DA-F03E-40A7-8173-06389626F125}.Release|Any CPU.ActiveCfg = Release|Any CPU
		{5A4553DA-F03E-40A7-8173-06389626F125}.Release|Any CPU.Build.0 = Release|Any CPU
		{E4D8CAB1-5077-4EC2-ADAF-49E98084F055}.Debug|Any CPU.ActiveCfg = Debug|Any CPU
		{E4D8CAB1-5077-4EC2-ADAF-49E98084F055}.Debug|Any CPU.Build.0 = Debug|Any CPU
		{E4D8CAB1-5077-4EC2-ADAF-49E98084F055}.Release|Any CPU.ActiveCfg = Release|Any CPU
		{E4D8CAB1-5077-4EC2-ADAF-49E98084F055}.Release|Any CPU.Build.0 = Release|Any CPU
		{5D0A3E46-93D4-47D9-888D-018A2FF637B4}.Debug|Any CPU.ActiveCfg = Debug|Any CPU
		{5D0A3E46-93D4-47D9-888D-018A2FF637B4}.Debug|Any CPU.Build.0 = Debug|Any CPU
		{5D0A3E46-93D4-47D9-888D-018A2FF637B4}.Release|Any CPU.ActiveCfg = Release|Any CPU
		{5D0A3E46-93D4-47D9-888D-018A2FF637B4}.Release|Any CPU.Build.0 = Release|Any CPU
		{A6DBA02E-067B-4D30-B306-7750D374B042}.Debug|Any CPU.ActiveCfg = Debug|Any CPU
		{A6DBA02E-067B-4D30-B306-7750D374B042}.Debug|Any CPU.Build.0 = Debug|Any CPU
		{A6DBA02E-067B-4D30-B306-7750D374B042}.Release|Any CPU.ActiveCfg = Release|Any CPU
		{A6DBA02E-067B-4D30-B306-7750D374B042}.Release|Any CPU.Build.0 = Release|Any CPU
	EndGlobalSection
	GlobalSection(SolutionProperties) = preSolution
		HideSolutionNode = FALSE
	EndGlobalSection
	GlobalSection(NestedProjects) = preSolution
		{1E3C230C-3B24-4587-AB79-287F9549872C} = {68DA27D8-5A70-4FA5-84F1-2E85D226F3EE}
		{2DF78168-8823-419C-8FC7-E5C565B2FE9F} = {68DA27D8-5A70-4FA5-84F1-2E85D226F3EE}
		{FF831C34-F6B8-4DA6-BC72-7C3C1B81DC83} = {68DA27D8-5A70-4FA5-84F1-2E85D226F3EE}
		{75234062-B98D-4280-AA4C-BECC885572B2} = {73E884BA-7E98-40CF-86D0-CAD410F4A3D3}
		{E6F8AAC6-DAE8-4B7B-9B66-19E2ACA82A76} = {73E884BA-7E98-40CF-86D0-CAD410F4A3D3}
		{7A435B02-4739-4F3B-ADF5-2A389D9E9EE3} = {075B7D01-E0AC-47F2-8D07-BF849A89377F}
		{62D1165C-1CA9-44C3-BC97-EBBE4CCABEA6} = {075B7D01-E0AC-47F2-8D07-BF849A89377F}
		{5C86834D-2232-4C0D-B2B3-7D4395D181E6} = {075B7D01-E0AC-47F2-8D07-BF849A89377F}
		{3256DA66-15D5-45F5-9DB6-76F9A59A5C48} = {075B7D01-E0AC-47F2-8D07-BF849A89377F}
		{5A4553DA-F03E-40A7-8173-06389626F125} = {075B7D01-E0AC-47F2-8D07-BF849A89377F}
		{E4D8CAB1-5077-4EC2-ADAF-49E98084F055} = {075B7D01-E0AC-47F2-8D07-BF849A89377F}
		{5D0A3E46-93D4-47D9-888D-018A2FF637B4} = {075B7D01-E0AC-47F2-8D07-BF849A89377F}
		{A6DBA02E-067B-4D30-B306-7750D374B042} = {B3E6B349-8D90-44CD-8DC0-013BD913737F}
	EndGlobalSection
EndGlobal
